
Microsoft Visual Studio Solution File, Format Version 12.00
# Visual Studio Version 17
VisualStudioVersion = 17.1.32228.430
MinimumVisualStudioVersion = 10.0.40219.1
Project("{FAE04EC0-301F-11D3-BF4B-00C04F79EFBC}") = "EvaluateFunction", "EvaluateFunction.csproj", "{B7819504-394C-477A-8AD3-D4C009C967CD}"
EndProject
Global
	GlobalSection(SolutionConfigurationPlatforms) = preSolution
		Debug|Any CPU = Debug|Any CPU
		Release|Any CPU = Release|Any CPU
	EndGlobalSection
	GlobalSection(ProjectConfigurationPlatforms) = postSolution
		{B7819504-394C-477A-8AD3-D4C009C967CD}.Debug|Any CPU.ActiveCfg = Debug|Any CPU
		{B7819504-394C-477A-8AD3-D4C009C967CD}.Debug|Any CPU.Build.0 = Debug|Any CPU
		{B7819504-394C-477A-8AD3-D4C009C967CD}.Release|Any CPU.ActiveCfg = Release|Any CPU
		{B7819504-394C-477A-8AD3-D4C009C967CD}.Release|Any CPU.Build.0 = Release|Any CPU
	EndGlobalSection
	GlobalSection(SolutionProperties) = preSolution
		HideSolutionNode = FALSE
	EndGlobalSection
	GlobalSection(ExtensibilityGlobals) = postSolution
		SolutionGuid = {53F38937-3225-48C7-99CD-EEB60A138D9A}
	EndGlobalSection
EndGlobal
